
Microsoft Visual Studio Solution File, Format Version 12.00
# Visual Studio Version 17
VisualStudioVersion = 17.10.35004.147
MinimumVisualStudioVersion = 10.0.40219.1
Project("{FAE04EC0-301F-11D3-BF4B-00C04F79EFBC}") = "CodeFirstASPCore", "CodeFirstASPCore\CodeFirstASPCore.csproj", "{40B3E845-5B59-49F6-847D-D813C06CB599}"
EndProject
Global
	GlobalSection(SolutionConfigurationPlatforms) = preSolution
		Debug|Any CPU = Debug|Any CPU
		Release|Any CPU = Release|Any CPU
	EndGlobalSection
	GlobalSection(ProjectConfigurationPlatforms) = postSolution
		{40B3E845-5B59-49F6-847D-D813C06CB599}.Debug|Any CPU.ActiveCfg = Debug|Any CPU
		{40B3E845-5B59-49F6-847D-D813C06CB599}.Debug|Any CPU.Build.0 = Debug|Any CPU
		{40B3E845-5B59-49F6-847D-D813C06CB599}.Release|Any CPU.ActiveCfg = Release|Any CPU
		{40B3E845-5B59-49F6-847D-D813C06CB599}.Release|Any CPU.Build.0 = Release|Any CPU
	EndGlobalSection
	GlobalSection(SolutionProperties) = preSolution
		HideSolutionNode = FALSE
	EndGlobalSection
	GlobalSection(ExtensibilityGlobals) = postSolution
		SolutionGuid = {E5E5946E-2A89-4C38-B60A-AE729C8321A9}
	EndGlobalSection
EndGlobal
